
Microsoft Visual Studio Solution File, Format Version 12.00
# Visual Studio 14
VisualStudioVersion = 14.0.25420.1
MinimumVisualStudioVersion = 10.0.40219.1
Project("{FAE04EC0-301F-11D3-BF4B-00C04F79EFBC}") = "EventFinder", "EventFinder\EventFinder.csproj", "{32C5DB09-D8BE-4AC4-A052-48F655E8827E}"
EndProject
Project("{FAE04EC0-301F-11D3-BF4B-00C04F79EFBC}") = "EventFinder.Tests", "EventFinder.Tests\EventFinder.Tests.csproj", "{E42643AD-AFCA-400C-8A11-875C3B9E13AF}"
EndProject
Global
	GlobalSection(SolutionConfigurationPlatforms) = preSolution
		Debug|Any CPU = Debug|Any CPU
		Release|Any CPU = Release|Any CPU
	EndGlobalSection
	GlobalSection(ProjectConfigurationPlatforms) = postSolution
		{32C5DB09-D8BE-4AC4-A052-48F655E8827E}.Debug|Any CPU.ActiveCfg = Debug|Any CPU
		{32C5DB09-D8BE-4AC4-A052-48F655E8827E}.Debug|Any CPU.Build.0 = Debug|Any CPU
		{32C5DB09-D8BE-4AC4-A052-48F655E8827E}.Release|Any CPU.ActiveCfg = Release|Any CPU
		{32C5DB09-D8BE-4AC4-A052-48F655E8827E}.Release|Any CPU.Build.0 = Release|Any CPU
		{E42643AD-AFCA-400C-8A11-875C3B9E13AF}.Debug|Any CPU.ActiveCfg = Debug|Any CPU
		{E42643AD-AFCA-400C-8A11-875C3B9E13AF}.Debug|Any CPU.Build.0 = Debug|Any CPU
		{E42643AD-AFCA-400C-8A11-875C3B9E13AF}.Release|Any CPU.ActiveCfg = Release|Any CPU
		{E42643AD-AFCA-400C-8A11-875C3B9E13AF}.Release|Any CPU.Build.0 = Release|Any CPU
	EndGlobalSection
	GlobalSection(SolutionProperties) = preSolution
		HideSolutionNode = FALSE
	EndGlobalSection
EndGlobal
